
Microsoft Visual Studio Solution File, Format Version 12.00
# Visual Studio 15
VisualStudioVersion = 15.0.28307.1062
MinimumVisualStudioVersion = 10.0.40219.1
Project("{FAE04EC0-301F-11D3-BF4B-00C04F79EFBC}") = "Front", "Front\Front.csproj", "{4865DD59-5EC4-4DC8-A429-9CC2935C508B}"
EndProject
Global
	GlobalSection(SolutionConfigurationPlatforms) = preSolution
		Debug|Any CPU = Debug|Any CPU
		Release|Any CPU = Release|Any CPU
	EndGlobalSection
	GlobalSection(ProjectConfigurationPlatforms) = postSolution
		{4865DD59-5EC4-4DC8-A429-9CC2935C508B}.Debug|Any CPU.ActiveCfg = Debug|Any CPU
		{4865DD59-5EC4-4DC8-A429-9CC2935C508B}.Debug|Any CPU.Build.0 = Debug|Any CPU
		{4865DD59-5EC4-4DC8-A429-9CC2935C508B}.Release|Any CPU.ActiveCfg = Release|Any CPU
		{4865DD59-5EC4-4DC8-A429-9CC2935C508B}.Release|Any CPU.Build.0 = Release|Any CPU
	EndGlobalSection
	GlobalSection(SolutionProperties) = preSolution
		HideSolutionNode = FALSE
	EndGlobalSection
	GlobalSection(ExtensibilityGlobals) = postSolution
		SolutionGuid = {5544095E-B365-4621-9174-1583B46BA0A1}
	EndGlobalSection
EndGlobal
